
Microsoft Visual Studio Solution File, Format Version 12.00
# Visual Studio Version 16
VisualStudioVersion = 16.0.31005.135
MinimumVisualStudioVersion = 10.0.40219.1
Project("{FAE04EC0-301F-11D3-BF4B-00C04F79EFBC}") = "HWIDIdentifier", "HWIDIdentifier\HWIDIdentifier.csproj", "{FE3F82F4-2E2A-48FC-9C10-71C000429622}"
EndProject
Project("{9A19103F-16F7-4668-BE54-9A1E7A4F7556}") = "HWIDTest", "HWIDTest\HWIDTest.csproj", "{73D78AB2-7530-4B7E-A304-518EFF32592D}"
EndProject
Project("{2150E333-8FDC-42A3-9474-1A3956D46DE8}") = "Solution Items", "Solution Items", "{892BB514-CE9E-485A-91A6-B286A00BCCCE}"
	ProjectSection(SolutionItems) = preProject
		HWIDIdentifier.runsettings = HWIDIdentifier.runsettings
	EndProjectSection
EndProject
Project("{FAE04EC0-301F-11D3-BF4B-00C04F79EFBC}") = "FlaUITests", "FlaUITests\FlaUITests.csproj", "{BBB2D1AF-A27A-4C09-BC9E-BDCF17376D16}"
EndProject
Global
	GlobalSection(SolutionConfigurationPlatforms) = preSolution
		Debug|Any CPU = Debug|Any CPU
		Release|Any CPU = Release|Any CPU
	EndGlobalSection
	GlobalSection(ProjectConfigurationPlatforms) = postSolution
		{FE3F82F4-2E2A-48FC-9C10-71C000429622}.Debug|Any CPU.ActiveCfg = Debug|Any CPU
		{FE3F82F4-2E2A-48FC-9C10-71C000429622}.Debug|Any CPU.Build.0 = Debug|Any CPU
		{FE3F82F4-2E2A-48FC-9C10-71C000429622}.Release|Any CPU.ActiveCfg = Release|Any CPU
		{FE3F82F4-2E2A-48FC-9C10-71C000429622}.Release|Any CPU.Build.0 = Release|Any CPU
		{73D78AB2-7530-4B7E-A304-518EFF32592D}.Debug|Any CPU.ActiveCfg = Debug|Any CPU
		{73D78AB2-7530-4B7E-A304-518EFF32592D}.Debug|Any CPU.Build.0 = Debug|Any CPU
		{73D78AB2-7530-4B7E-A304-518EFF32592D}.Release|Any CPU.ActiveCfg = Release|Any CPU
		{73D78AB2-7530-4B7E-A304-518EFF32592D}.Release|Any CPU.Build.0 = Release|Any CPU
		{BBB2D1AF-A27A-4C09-BC9E-BDCF17376D16}.Debug|Any CPU.ActiveCfg = Debug|Any CPU
		{BBB2D1AF-A27A-4C09-BC9E-BDCF17376D16}.Debug|Any CPU.Build.0 = Debug|Any CPU
		{BBB2D1AF-A27A-4C09-BC9E-BDCF17376D16}.Release|Any CPU.ActiveCfg = Release|Any CPU
		{BBB2D1AF-A27A-4C09-BC9E-BDCF17376D16}.Release|Any CPU.Build.0 = Release|Any CPU
	EndGlobalSection
	GlobalSection(SolutionProperties) = preSolution
		HideSolutionNode = FALSE
	EndGlobalSection
	GlobalSection(ExtensibilityGlobals) = postSolution
		SolutionGuid = {4965D561-8130-4683-ADC1-F712B8A57BF8}
	EndGlobalSection
EndGlobal
